
Microsoft Visual Studio Solution File, Format Version 12.00
# Visual Studio 15
VisualStudioVersion = 15.0.28010.2026
MinimumVisualStudioVersion = 10.0.40219.1
Project("{9A19103F-16F7-4668-BE54-9A1E7A4F7556}") = "Catalog.API.Host", "Catalog.API.Host\Catalog.API.Host.csproj", "{8426D116-4D7A-49A9-B225-4FA52572F000}"
EndProject
Project("{9A19103F-16F7-4668-BE54-9A1E7A4F7556}") = "Catalog.API.Contracts", "Catalog.API.Contracts\Catalog.API.Contracts.csproj", "{BEBC177E-166C-42F6-B678-24570ADB300D}"
EndProject
Project("{9A19103F-16F7-4668-BE54-9A1E7A4F7556}") = "Catalog.API.Domain", "Catalog.API.Domain\Catalog.API.Domain.csproj", "{CF9926F9-A812-4938-B48F-DF9709A65373}"
EndProject
Project("{9A19103F-16F7-4668-BE54-9A1E7A4F7556}") = "Catalog.API.ApplicationServices", "Catalog.API.ApplicationServices\Catalog.API.ApplicationServices.csproj", "{E3622A0E-955D-4160-8FF5-A591106E3BAD}"
EndProject
Project("{9A19103F-16F7-4668-BE54-9A1E7A4F7556}") = "Catalog.API.Domain.Contracts", "Catalog.API.Domain.Contracts\Catalog.API.Domain.Contracts.csproj", "{8659698E-F48E-4759-83E6-942C57B1B23B}"
EndProject
Project("{9A19103F-16F7-4668-BE54-9A1E7A4F7556}") = "Catalog.API.Configuration", "Catalog.API.Configuration\Catalog.API.Configuration.csproj", "{CC1FED94-8604-48FE-B06E-27EDCED966ED}"
EndProject
Project("{9A19103F-16F7-4668-BE54-9A1E7A4F7556}") = "Catalog.API.Infrastructure", "Catalog.API.Infrastructure\Catalog.API.Infrastructure.csproj", "{F6AA1161-D62E-4276-A3AB-AB07AFC34F9B}"
EndProject
Project("{FAE04EC0-301F-11D3-BF4B-00C04F79EFBC}") = "Catalog.API.Data", "Catalog.API.Data\Catalog.API.Data.csproj", "{90DA3AF5-81C8-4836-94EE-AE507F753E30}"
EndProject
Global
	GlobalSection(SolutionConfigurationPlatforms) = preSolution
		Debug|Any CPU = Debug|Any CPU
		Release|Any CPU = Release|Any CPU
	EndGlobalSection
	GlobalSection(ProjectConfigurationPlatforms) = postSolution
		{8426D116-4D7A-49A9-B225-4FA52572F000}.Debug|Any CPU.ActiveCfg = Debug|Any CPU
		{8426D116-4D7A-49A9-B225-4FA52572F000}.Debug|Any CPU.Build.0 = Debug|Any CPU
		{8426D116-4D7A-49A9-B225-4FA52572F000}.Release|Any CPU.ActiveCfg = Release|Any CPU
		{8426D116-4D7A-49A9-B225-4FA52572F000}.Release|Any CPU.Build.0 = Release|Any CPU
		{BEBC177E-166C-42F6-B678-24570ADB300D}.Debug|Any CPU.ActiveCfg = Debug|Any CPU
		{BEBC177E-166C-42F6-B678-24570ADB300D}.Debug|Any CPU.Build.0 = Debug|Any CPU
		{BEBC177E-166C-42F6-B678-24570ADB300D}.Release|Any CPU.ActiveCfg = Release|Any CPU
		{BEBC177E-166C-42F6-B678-24570ADB300D}.Release|Any CPU.Build.0 = Release|Any CPU
		{CF9926F9-A812-4938-B48F-DF9709A65373}.Debug|Any CPU.ActiveCfg = Debug|Any CPU
		{CF9926F9-A812-4938-B48F-DF9709A65373}.Debug|Any CPU.Build.0 = Debug|Any CPU
		{CF9926F9-A812-4938-B48F-DF9709A65373}.Release|Any CPU.ActiveCfg = Release|Any CPU
		{CF9926F9-A812-4938-B48F-DF9709A65373}.Release|Any CPU.Build.0 = Release|Any CPU
		{E3622A0E-955D-4160-8FF5-A591106E3BAD}.Debug|Any CPU.ActiveCfg = Debug|Any CPU
		{E3622A0E-955D-4160-8FF5-A591106E3BAD}.Debug|Any CPU.Build.0 = Debug|Any CPU
		{E3622A0E-955D-4160-8FF5-A591106E3BAD}.Release|Any CPU.ActiveCfg = Release|Any CPU
		{E3622A0E-955D-4160-8FF5-A591106E3BAD}.Release|Any CPU.Build.0 = Release|Any CPU
		{8659698E-F48E-4759-83E6-942C57B1B23B}.Debug|Any CPU.ActiveCfg = Debug|Any CPU
		{8659698E-F48E-4759-83E6-942C57B1B23B}.Debug|Any CPU.Build.0 = Debug|Any CPU
		{8659698E-F48E-4759-83E6-942C57B1B23B}.Release|Any CPU.ActiveCfg = Release|Any CPU
		{8659698E-F48E-4759-83E6-942C57B1B23B}.Release|Any CPU.Build.0 = Release|Any CPU
		{CC1FED94-8604-48FE-B06E-27EDCED966ED}.Debug|Any CPU.ActiveCfg = Debug|Any CPU
		{CC1FED94-8604-48FE-B06E-27EDCED966ED}.Debug|Any CPU.Build.0 = Debug|Any CPU
		{CC1FED94-8604-48FE-B06E-27EDCED966ED}.Release|Any CPU.ActiveCfg = Release|Any CPU
		{CC1FED94-8604-48FE-B06E-27EDCED966ED}.Release|Any CPU.Build.0 = Release|Any CPU
		{F6AA1161-D62E-4276-A3AB-AB07AFC34F9B}.Debug|Any CPU.ActiveCfg = Debug|Any CPU
		{F6AA1161-D62E-4276-A3AB-AB07AFC34F9B}.Debug|Any CPU.Build.0 = Debug|Any CPU
		{F6AA1161-D62E-4276-A3AB-AB07AFC34F9B}.Release|Any CPU.ActiveCfg = Release|Any CPU
		{F6AA1161-D62E-4276-A3AB-AB07AFC34F9B}.Release|Any CPU.Build.0 = Release|Any CPU
		{90DA3AF5-81C8-4836-94EE-AE507F753E30}.Debug|Any CPU.ActiveCfg = Debug|Any CPU
		{90DA3AF5-81C8-4836-94EE-AE507F753E30}.Debug|Any CPU.Build.0 = Debug|Any CPU
		{90DA3AF5-81C8-4836-94EE-AE507F753E30}.Release|Any CPU.ActiveCfg = Release|Any CPU
		{90DA3AF5-81C8-4836-94EE-AE507F753E30}.Release|Any CPU.Build.0 = Release|Any CPU
	EndGlobalSection
	GlobalSection(SolutionProperties) = preSolution
		HideSolutionNode = FALSE
	EndGlobalSection
	GlobalSection(ExtensibilityGlobals) = postSolution
		SolutionGuid = {EF75A1BF-DE88-4ABA-9B7C-44A3BC8156DC}
	EndGlobalSection
EndGlobal
